{
  "nodes": {
    "nixpkgs": {
      "locked": {
        "lastModified": 1705996847,
        "narHash": "sha256-S1Tb9L1oQhtqe1ZOhFk8L1YRZClGUyEercK6uc2ZuzE=",
        "owner": "NixOS",
        "repo": "nixpkgs",
        "rev": "a0b6f17c095b3d490ef62b27f9a08a21925ab52e",
        "type": "github"
      },
      "original": {
        "owner": "NixOS",
        "repo": "nixpkgs",
        "type": "github"
      }
    },
    "root": {
      "inputs": {
        "nixpkgs": "nixpkgs"
      }
    }
  },
  "root": "root",
  "version": 7
}
